
Microsoft Visual Studio Solution File, Format Version 12.00
Project("{F2A71F9B-5D33-465A-A702-920D77279786}") = "SetsunaScarletStream", "SetsunaScarletStream.fsproj", "{EBC9B528-C3BE-4CA4-93F7-D5CE3B00E654}"
EndProject
Global
	GlobalSection(SolutionConfigurationPlatforms) = preSolution
		Debug|Any CPU = Debug|Any CPU
		Release|Any CPU = Release|Any CPU
	EndGlobalSection
	GlobalSection(ProjectConfigurationPlatforms) = postSolution
		{EBC9B528-C3BE-4CA4-93F7-D5CE3B00E654}.Debug|Any CPU.ActiveCfg = Debug|Any CPU
		{EBC9B528-C3BE-4CA4-93F7-D5CE3B00E654}.Debug|Any CPU.Build.0 = Debug|Any CPU
		{EBC9B528-C3BE-4CA4-93F7-D5CE3B00E654}.Release|Any CPU.ActiveCfg = Release|Any CPU
		{EBC9B528-C3BE-4CA4-93F7-D5CE3B00E654}.Release|Any CPU.Build.0 = Release|Any CPU
	EndGlobalSection
EndGlobal
